
Microsoft Visual Studio Solution File, Format Version 12.00
# Visual Studio Version 17
VisualStudioVersion = 17.4.33122.133
MinimumVisualStudioVersion = 10.0.40219.1
Project("{FAE04EC0-301F-11D3-BF4B-00C04F79EFBC}") = "Senkadagala", "Senkadagala\Senkadagala.csproj", "{CAA62A9F-7DB1-4EC4-924F-A38E8C41B5B6}"
EndProject
Global
	GlobalSection(SolutionConfigurationPlatforms) = preSolution
		Debug|Any CPU = Debug|Any CPU
		Release|Any CPU = Release|Any CPU
	EndGlobalSection
	GlobalSection(ProjectConfigurationPlatforms) = postSolution
		{CAA62A9F-7DB1-4EC4-924F-A38E8C41B5B6}.Debug|Any CPU.ActiveCfg = Debug|Any CPU
		{CAA62A9F-7DB1-4EC4-924F-A38E8C41B5B6}.Debug|Any CPU.Build.0 = Debug|Any CPU
		{CAA62A9F-7DB1-4EC4-924F-A38E8C41B5B6}.Release|Any CPU.ActiveCfg = Release|Any CPU
		{CAA62A9F-7DB1-4EC4-924F-A38E8C41B5B6}.Release|Any CPU.Build.0 = Release|Any CPU
	EndGlobalSection
	GlobalSection(SolutionProperties) = preSolution
		HideSolutionNode = FALSE
	EndGlobalSection
	GlobalSection(ExtensibilityGlobals) = postSolution
		SolutionGuid = {DEB8F96C-DE99-4242-9533-B4625ABC446B}
	EndGlobalSection
EndGlobal
